
Microsoft Visual Studio Solution File, Format Version 12.00
# Visual Studio Version 16
VisualStudioVersion = 16.0.31424.327
MinimumVisualStudioVersion = 10.0.40219.1
Project("{FAE04EC0-301F-11D3-BF4B-00C04F79EFBC}") = "VisibleLayer", "VisibleLayer\VisibleLayer.csproj", "{DF6C6361-D81E-4AE0-A12B-A2CEBA3FEFD6}"
EndProject
Project("{FAE04EC0-301F-11D3-BF4B-00C04F79EFBC}") = "BussinesLayer", "BussinesLayer\BussinesLayer.csproj", "{86C95337-CC22-451F-8514-27BF19C0CAA9}"
EndProject
Project("{2150E333-8FDC-42A3-9474-1A3956D46DE8}") = "Solution Items", "Solution Items", "{38C12F60-D024-4317-ABB5-E489051DECBB}"
	ProjectSection(SolutionItems) = preProject
		README.md = README.md
	EndProjectSection
EndProject
Global
	GlobalSection(SolutionConfigurationPlatforms) = preSolution
		Debug|Any CPU = Debug|Any CPU
		Release|Any CPU = Release|Any CPU
	EndGlobalSection
	GlobalSection(ProjectConfigurationPlatforms) = postSolution
		{DF6C6361-D81E-4AE0-A12B-A2CEBA3FEFD6}.Debug|Any CPU.ActiveCfg = Debug|Any CPU
		{DF6C6361-D81E-4AE0-A12B-A2CEBA3FEFD6}.Debug|Any CPU.Build.0 = Debug|Any CPU
		{DF6C6361-D81E-4AE0-A12B-A2CEBA3FEFD6}.Release|Any CPU.ActiveCfg = Release|Any CPU
		{DF6C6361-D81E-4AE0-A12B-A2CEBA3FEFD6}.Release|Any CPU.Build.0 = Release|Any CPU
		{86C95337-CC22-451F-8514-27BF19C0CAA9}.Debug|Any CPU.ActiveCfg = Debug|Any CPU
		{86C95337-CC22-451F-8514-27BF19C0CAA9}.Debug|Any CPU.Build.0 = Debug|Any CPU
		{86C95337-CC22-451F-8514-27BF19C0CAA9}.Release|Any CPU.ActiveCfg = Release|Any CPU
		{86C95337-CC22-451F-8514-27BF19C0CAA9}.Release|Any CPU.Build.0 = Release|Any CPU
	EndGlobalSection
	GlobalSection(SolutionProperties) = preSolution
		HideSolutionNode = FALSE
	EndGlobalSection
	GlobalSection(ExtensibilityGlobals) = postSolution
		SolutionGuid = {69611900-DA64-48CC-82F9-9ADA9D1B56FF}
	EndGlobalSection
EndGlobal
